
Microsoft Visual Studio Solution File, Format Version 12.00
# Visual Studio Version 17
VisualStudioVersion = 17.0.31903.59
MinimumVisualStudioVersion = 10.0.40219.1
Project("{FAE04EC0-301F-11D3-BF4B-00C04F79EFBC}") = "Rd.BlazorIcon", "BlazorIcon\Rd.BlazorIcon.csproj", "{F49708DF-08E1-4E36-9EFD-6697CB086512}"
EndProject
Project("{FAE04EC0-301F-11D3-BF4B-00C04F79EFBC}") = "Rd.BlazorIcon.IconSetBuilder", "BlazorIcon.IconSetBuilder\Rd.BlazorIcon.IconSetBuilder.csproj", "{23729D43-6A3A-4B12-BEB1-0DA38F0045F1}"
EndProject
Project("{FAE04EC0-301F-11D3-BF4B-00C04F79EFBC}") = "BlazorIcon.BootstrapIcons", "BlazorIcon.BootstrapIcons\BlazorIcon.BootstrapIcons.csproj", "{3FC51AA3-F796-455F-890E-8BD27AF05203}"
EndProject
Global
	GlobalSection(SolutionConfigurationPlatforms) = preSolution
		Debug|Any CPU = Debug|Any CPU
		Release|Any CPU = Release|Any CPU
	EndGlobalSection
	GlobalSection(SolutionProperties) = preSolution
		HideSolutionNode = FALSE
	EndGlobalSection
	GlobalSection(ProjectConfigurationPlatforms) = postSolution
		{F49708DF-08E1-4E36-9EFD-6697CB086512}.Debug|Any CPU.ActiveCfg = Debug|Any CPU
		{F49708DF-08E1-4E36-9EFD-6697CB086512}.Debug|Any CPU.Build.0 = Debug|Any CPU
		{F49708DF-08E1-4E36-9EFD-6697CB086512}.Release|Any CPU.ActiveCfg = Release|Any CPU
		{F49708DF-08E1-4E36-9EFD-6697CB086512}.Release|Any CPU.Build.0 = Release|Any CPU
		{23729D43-6A3A-4B12-BEB1-0DA38F0045F1}.Debug|Any CPU.ActiveCfg = Debug|Any CPU
		{23729D43-6A3A-4B12-BEB1-0DA38F0045F1}.Debug|Any CPU.Build.0 = Debug|Any CPU
		{23729D43-6A3A-4B12-BEB1-0DA38F0045F1}.Release|Any CPU.ActiveCfg = Release|Any CPU
		{23729D43-6A3A-4B12-BEB1-0DA38F0045F1}.Release|Any CPU.Build.0 = Release|Any CPU
		{3FC51AA3-F796-455F-890E-8BD27AF05203}.Debug|Any CPU.ActiveCfg = Debug|Any CPU
		{3FC51AA3-F796-455F-890E-8BD27AF05203}.Debug|Any CPU.Build.0 = Debug|Any CPU
		{3FC51AA3-F796-455F-890E-8BD27AF05203}.Release|Any CPU.ActiveCfg = Release|Any CPU
		{3FC51AA3-F796-455F-890E-8BD27AF05203}.Release|Any CPU.Build.0 = Release|Any CPU
	EndGlobalSection
EndGlobal
