
Microsoft Visual Studio Solution File, Format Version 12.00
# Visual Studio Version 17
VisualStudioVersion = 17.0.31903.59
MinimumVisualStudioVersion = 10.0.40219.1
Project("{FAE04EC0-301F-11D3-BF4B-00C04F79EFBC}") = "Rd.BlazorIcon", "BlazorIcon\Rd.BlazorIcon.csproj", "{F49708DF-08E1-4E36-9EFD-6697CB086512}"
EndProject
Project("{FAE04EC0-301F-11D3-BF4B-00C04F79EFBC}") = "Rd.BlazorIcon.IconSetBuilder", "BlazorIcon.IconSetBuilder\Rd.BlazorIcon.IconSetBuilder.csproj", "{23729D43-6A3A-4B12-BEB1-0DA38F0045F1}"
EndProject
Project("{FAE04EC0-301F-11D3-BF4B-00C04F79EFBC}") = "Rd.BlazorIcon.Bootstrap", "BlazorIcon.Bootstrap\Rd.BlazorIcon.Bootstrap.csproj", "{D250C350-8B5F-4822-9DB6-5B81133AC694}"
EndProject
Project("{FAE04EC0-301F-11D3-BF4B-00C04F79EFBC}") = "Rd.BlazorIcon.FontAwesome", "BlazorIcon.FontAwesome\Rd.BlazorIcon.FontAwesome.csproj", "{BC5CFB90-B017-4790-8A6D-C09B02916589}"
EndProject
Project("{FAE04EC0-301F-11D3-BF4B-00C04F79EFBC}") = "Rd.BlazorIcon.Material", "BlazorIcon.Material\Rd.BlazorIcon.Material.csproj", "{61D09812-ADE9-4E84-B331-07321B0F0A39}"
EndProject
Project("{FAE04EC0-301F-11D3-BF4B-00C04F79EFBC}") = "Rd.BlazorIcon.Server", "BlazorIcon.Server\Rd.BlazorIcon.Server.csproj", "{4FFB3704-4547-4AA6-8BA4-4623D6F9B210}"
EndProject
Project("{FAE04EC0-301F-11D3-BF4B-00C04F79EFBC}") = "Rd.BlazorIcon.Server.Client", "BlazorIcon.Server.Client\Rd.BlazorIcon.Server.Client.csproj", "{32DF9CA5-6BD9-4A01-ABD4-171CC8A8CCB5}"
EndProject
Global
	GlobalSection(SolutionConfigurationPlatforms) = preSolution
		Debug|Any CPU = Debug|Any CPU
		Release|Any CPU = Release|Any CPU
	EndGlobalSection
	GlobalSection(SolutionProperties) = preSolution
		HideSolutionNode = FALSE
	EndGlobalSection
	GlobalSection(ProjectConfigurationPlatforms) = postSolution
		{F49708DF-08E1-4E36-9EFD-6697CB086512}.Debug|Any CPU.ActiveCfg = Debug|Any CPU
		{F49708DF-08E1-4E36-9EFD-6697CB086512}.Debug|Any CPU.Build.0 = Debug|Any CPU
		{F49708DF-08E1-4E36-9EFD-6697CB086512}.Release|Any CPU.ActiveCfg = Release|Any CPU
		{F49708DF-08E1-4E36-9EFD-6697CB086512}.Release|Any CPU.Build.0 = Release|Any CPU
		{23729D43-6A3A-4B12-BEB1-0DA38F0045F1}.Debug|Any CPU.ActiveCfg = Debug|Any CPU
		{23729D43-6A3A-4B12-BEB1-0DA38F0045F1}.Debug|Any CPU.Build.0 = Debug|Any CPU
		{23729D43-6A3A-4B12-BEB1-0DA38F0045F1}.Release|Any CPU.ActiveCfg = Release|Any CPU
		{23729D43-6A3A-4B12-BEB1-0DA38F0045F1}.Release|Any CPU.Build.0 = Release|Any CPU
		{07649D6C-97A5-442D-ACCA-C50358722C22}.Debug|Any CPU.ActiveCfg = Debug|Any CPU
		{07649D6C-97A5-442D-ACCA-C50358722C22}.Debug|Any CPU.Build.0 = Debug|Any CPU
		{07649D6C-97A5-442D-ACCA-C50358722C22}.Release|Any CPU.ActiveCfg = Release|Any CPU
		{07649D6C-97A5-442D-ACCA-C50358722C22}.Release|Any CPU.Build.0 = Release|Any CPU
		{D250C350-8B5F-4822-9DB6-5B81133AC694}.Debug|Any CPU.ActiveCfg = Debug|Any CPU
		{D250C350-8B5F-4822-9DB6-5B81133AC694}.Debug|Any CPU.Build.0 = Debug|Any CPU
		{D250C350-8B5F-4822-9DB6-5B81133AC694}.Release|Any CPU.ActiveCfg = Release|Any CPU
		{D250C350-8B5F-4822-9DB6-5B81133AC694}.Release|Any CPU.Build.0 = Release|Any CPU
		{BC5CFB90-B017-4790-8A6D-C09B02916589}.Debug|Any CPU.ActiveCfg = Debug|Any CPU
		{BC5CFB90-B017-4790-8A6D-C09B02916589}.Debug|Any CPU.Build.0 = Debug|Any CPU
		{BC5CFB90-B017-4790-8A6D-C09B02916589}.Release|Any CPU.ActiveCfg = Release|Any CPU
		{BC5CFB90-B017-4790-8A6D-C09B02916589}.Release|Any CPU.Build.0 = Release|Any CPU
		{61D09812-ADE9-4E84-B331-07321B0F0A39}.Debug|Any CPU.ActiveCfg = Debug|Any CPU
		{61D09812-ADE9-4E84-B331-07321B0F0A39}.Debug|Any CPU.Build.0 = Debug|Any CPU
		{61D09812-ADE9-4E84-B331-07321B0F0A39}.Release|Any CPU.ActiveCfg = Release|Any CPU
		{61D09812-ADE9-4E84-B331-07321B0F0A39}.Release|Any CPU.Build.0 = Release|Any CPU
		{4FFB3704-4547-4AA6-8BA4-4623D6F9B210}.Debug|Any CPU.ActiveCfg = Debug|Any CPU
		{4FFB3704-4547-4AA6-8BA4-4623D6F9B210}.Debug|Any CPU.Build.0 = Debug|Any CPU
		{4FFB3704-4547-4AA6-8BA4-4623D6F9B210}.Release|Any CPU.ActiveCfg = Release|Any CPU
		{4FFB3704-4547-4AA6-8BA4-4623D6F9B210}.Release|Any CPU.Build.0 = Release|Any CPU
		{32DF9CA5-6BD9-4A01-ABD4-171CC8A8CCB5}.Debug|Any CPU.ActiveCfg = Debug|Any CPU
		{32DF9CA5-6BD9-4A01-ABD4-171CC8A8CCB5}.Debug|Any CPU.Build.0 = Debug|Any CPU
		{32DF9CA5-6BD9-4A01-ABD4-171CC8A8CCB5}.Release|Any CPU.ActiveCfg = Release|Any CPU
		{32DF9CA5-6BD9-4A01-ABD4-171CC8A8CCB5}.Release|Any CPU.Build.0 = Release|Any CPU
	EndGlobalSection
EndGlobal
